Microsoft Visual Studio Solution File, Format Version 11.00
# Visual Studio 2008

Project("{57FE19FD-D44D-57A5-CE1D-76F0627441CB}") = "Sphero", "Assembly-CSharp.csproj", "{F41F9289-75C0-7ACE-498C-108E2EA8D7CC}"
EndProject
Global
	GlobalSection(SolutionConfigurationPlatforms) = preSolution
		Debug|Any CPU = Debug|Any CPU
		Release|Any CPU = Release|Any CPU
	EndGlobalSection
	GlobalSection(ProjectConfigurationPlatforms) = postSolution
		{F41F9289-75C0-7ACE-498C-108E2EA8D7CC}.Debug|Any CPU.ActiveCfg = Debug|Any CPU
		{F41F9289-75C0-7ACE-498C-108E2EA8D7CC}.Debug|Any CPU.Build.0 = Debug|Any CPU
		{F41F9289-75C0-7ACE-498C-108E2EA8D7CC}.Release|Any CPU.ActiveCfg = Release|Any CPU
		{F41F9289-75C0-7ACE-498C-108E2EA8D7CC}.Release|Any CPU.Build.0 = Release|Any CPU
	EndGlobalSection
	GlobalSection(SolutionProperties) = preSolution
		HideSolutionNode = FALSE
	EndGlobalSection
	GlobalSection(MonoDevelopProperties) = preSolution
		StartupItem = Assembly-CSharp.csproj
	EndGlobalSection
EndGlobal
